<?xml version="1.0" encoding="utf-8"?>
<Project ToolsVersion="4.0" xmlns="http://schemas.microsoft.com/developer/msbuild/2003">
  <ItemGroup>
    <Filter Include="Arquivos de Origem">
      <UniqueIdentifier>{4FC737F1-C7A5-4376-A066-2A32D752A2FF}</UniqueIdentifier>
      <Extensions>cpp;c;cc;cxx;c++;cppm;ixx;def;odl;idl;hpj;bat;asm;asmx</Extensions>
    </Filter>
    <Filter Include="Arquivos de Cabeçalho">
      <UniqueIdentifier>{93995380-89BD-4b04-88EB-625FBE52EBFB}</UniqueIdentifier>
      <Extensions>h;hh;hpp;hxx;h++;hm;inl;inc;ipp;xsd</Extensions>
    </Filter>
    <Filter Include="Arquivos de Recurso">
      <UniqueIdentifier>{67DA6AB6-F800-4c08-8B7A-83BB121AAD01}</UniqueIdentifier>
      <Extensions>rc;ico;cur;bmp;dlg;rc2;rct;bin;rgs;gif;jpg;jpeg;jpe;resx;tiff;tif;png;wav;mfcribbon-ms</Extensions>
    </Filter>
    <Filter Include="Arquivos de Origem\package_builders">
      <UniqueIdentifier>{0d7eb33a-84fc-46c0-ae85-17507a00194b}</UniqueIdentifier>
    </Filter>
    <Filter Include="Arquivos de Origem\entities">
      <UniqueIdentifier>{159e2efe-5b29-4a6e-80b6-3ee6b35f4b5d}</UniqueIdentifier>
    </Filter>
    <Filter Include="Arquivos de Origem\server">
      <UniqueIdentifier>{d2269717-ef57-4dd2-839e-8ae74a6ddf1e}</UniqueIdentifier>
    </Filter>
    <Filter Include="Arquivos de Origem\client">
      <UniqueIdentifier>{8752b14e-e962-4a0a-9928-97497521c5dc}</UniqueIdentifier>
    </Filter>
  </ItemGroup>
  <ItemGroup>
    <ClCompile Include="tests.cpp">
      <Filter>Arquivos de Origem</Filter>
    </ClCompile>
  </ItemGroup>
  <ItemGroup>
    <ClInclude Include="package_builders\build_package_from_client_or_server.h">
      <Filter>Arquivos de Origem\package_builders</Filter>
    </ClInclude>
    <ClInclude Include="package_builders\build_package_to_client.h">
      <Filter>Arquivos de Origem\package_builders</Filter>
    </ClInclude>
    <ClInclude Include="entities\data_info.h">
      <Filter>Arquivos de Origem\entities</Filter>
    </ClInclude>
    <ClInclude Include="entities\easy_rpc_package.h">
      <Filter>Arquivos de Origem\entities</Filter>
    </ClInclude>
    <ClInclude Include="entities\easy_rpc_package_base.h">
      <Filter>Arquivos de Origem\entities</Filter>
    </ClInclude>
    <ClInclude Include="entities\type_data.h">
      <Filter>Arquivos de Origem\entities</Filter>
    </ClInclude>
    <ClInclude Include="server\easy_rpc_bind.h">
      <Filter>Arquivos de Origem\server</Filter>
    </ClInclude>
    <ClInclude Include="entities\easy_rpc_package_params.h">
      <Filter>Arquivos de Origem\entities</Filter>
    </ClInclude>
    <ClInclude Include="entities\easy_rpc_package_return.h">
      <Filter>Arquivos de Origem\entities</Filter>
    </ClInclude>
    <ClInclude Include="client\easy_rpc_client.h">
      <Filter>Arquivos de Origem\client</Filter>
    </ClInclude>
    <ClInclude Include="client\easy_rpc_client_connection.h">
      <Filter>Arquivos de Origem\client</Filter>
    </ClInclude>
    <ClInclude Include="client\easy_rpc_client_windows_tcp.h">
      <Filter>Arquivos de Origem\client</Filter>
    </ClInclude>
    <ClInclude Include="server\easy_rpc_server_windows_tcp.h">
      <Filter>Arquivos de Origem\server</Filter>
    </ClInclude>
    <ClInclude Include="server\easy_rpc_server.h">
      <Filter>Arquivos de Origem\server</Filter>
    </ClInclude>
  </ItemGroup>
</Project>